
Microsoft Visual Studio Solution File, Format Version 12.00
# Visual Studio 15
VisualStudioVersion = 15.0.26403.7
MinimumVisualStudioVersion = 10.0.40219.1
Project("{FAE04EC0-301F-11D3-BF4B-00C04F79EFBC}") = "MT.Infra.Common", "MT.Infra.Common\MT.Infra.Common.csproj", "{CA5F30EA-ADF5-45D9-B085-14BEFBB714C6}"
EndProject
Project("{FAE04EC0-301F-11D3-BF4B-00C04F79EFBC}") = "MT.Infra.BusinessLayer", "MT.Infra.BusinessLayer\MT.Infra.BusinessLayer.csproj", "{AD9FF7B4-18A0-4967-B774-EC6C4BD8C10B}"
EndProject
Project("{FAE04EC0-301F-11D3-BF4B-00C04F79EFBC}") = "MT.Infra.Tool", "MT.Infra.Tool\MT.Infra.Tool.csproj", "{5645A323-5EFA-427A-9E9E-8E39FE7D0E9A}"
EndProject
Global
	GlobalSection(SolutionConfigurationPlatforms) = preSolution
		Debug|Any CPU = Debug|Any CPU
		Release|Any CPU = Release|Any CPU
	EndGlobalSection
	GlobalSection(ProjectConfigurationPlatforms) = postSolution
		{CA5F30EA-ADF5-45D9-B085-14BEFBB714C6}.Debug|Any CPU.ActiveCfg = Debug|Any CPU
		{CA5F30EA-ADF5-45D9-B085-14BEFBB714C6}.Debug|Any CPU.Build.0 = Debug|Any CPU
		{CA5F30EA-ADF5-45D9-B085-14BEFBB714C6}.Release|Any CPU.ActiveCfg = Release|Any CPU
		{CA5F30EA-ADF5-45D9-B085-14BEFBB714C6}.Release|Any CPU.Build.0 = Release|Any CPU
		{AD9FF7B4-18A0-4967-B774-EC6C4BD8C10B}.Debug|Any CPU.ActiveCfg = Debug|Any CPU
		{AD9FF7B4-18A0-4967-B774-EC6C4BD8C10B}.Debug|Any CPU.Build.0 = Debug|Any CPU
		{AD9FF7B4-18A0-4967-B774-EC6C4BD8C10B}.Release|Any CPU.ActiveCfg = Release|Any CPU
		{AD9FF7B4-18A0-4967-B774-EC6C4BD8C10B}.Release|Any CPU.Build.0 = Release|Any CPU
		{5645A323-5EFA-427A-9E9E-8E39FE7D0E9A}.Debug|Any CPU.ActiveCfg = Debug|Any CPU
		{5645A323-5EFA-427A-9E9E-8E39FE7D0E9A}.Debug|Any CPU.Build.0 = Debug|Any CPU
		{5645A323-5EFA-427A-9E9E-8E39FE7D0E9A}.Release|Any CPU.ActiveCfg = Release|Any CPU
		{5645A323-5EFA-427A-9E9E-8E39FE7D0E9A}.Release|Any CPU.Build.0 = Release|Any CPU
	EndGlobalSection
	GlobalSection(SolutionProperties) = preSolution
		HideSolutionNode = FALSE
	EndGlobalSection
EndGlobal
